
Microsoft Visual Studio Solution File, Format Version 12.00
# Visual Studio Version 17
VisualStudioVersion = 17.11.35327.3
MinimumVisualStudioVersion = 10.0.40219.1
Project("{FAE04EC0-301F-11D3-BF4B-00C04F79EFBC}") = "23.03.25 Ödev3", "23.03.25 Ödev3\23.03.25 Ödev3.csproj", "{72F6545C-591F-408A-8460-5A8A60FE81C7}"
EndProject
Global
	GlobalSection(SolutionConfigurationPlatforms) = preSolution
		Debug|Any CPU = Debug|Any CPU
		Release|Any CPU = Release|Any CPU
	EndGlobalSection
	GlobalSection(ProjectConfigurationPlatforms) = postSolution
		{72F6545C-591F-408A-8460-5A8A60FE81C7}.Debug|Any CPU.ActiveCfg = Debug|Any CPU
		{72F6545C-591F-408A-8460-5A8A60FE81C7}.Debug|Any CPU.Build.0 = Debug|Any CPU
		{72F6545C-591F-408A-8460-5A8A60FE81C7}.Release|Any CPU.ActiveCfg = Release|Any CPU
		{72F6545C-591F-408A-8460-5A8A60FE81C7}.Release|Any CPU.Build.0 = Release|Any CPU
	EndGlobalSection
	GlobalSection(SolutionProperties) = preSolution
		HideSolutionNode = FALSE
	EndGlobalSection
	GlobalSection(ExtensibilityGlobals) = postSolution
		SolutionGuid = {4897B3C9-6129-4E94-9FDC-423FBBD55AA5}
	EndGlobalSection
EndGlobal
