
Microsoft Visual Studio Solution File, Format Version 12.00
# Visual Studio Version 17
VisualStudioVersion = 17.11.35327.3
MinimumVisualStudioVersion = 10.0.40219.1
Project("{FAE04EC0-301F-11D3-BF4B-00C04F79EFBC}") = "23.03.25 Odev4", "23.03.25 Odev4\23.03.25 Odev4.csproj", "{C5BA520B-00BF-4E6F-954F-BC08D35BCC80}"
EndProject
Global
	GlobalSection(SolutionConfigurationPlatforms) = preSolution
		Debug|Any CPU = Debug|Any CPU
		Release|Any CPU = Release|Any CPU
	EndGlobalSection
	GlobalSection(ProjectConfigurationPlatforms) = postSolution
		{C5BA520B-00BF-4E6F-954F-BC08D35BCC80}.Debug|Any CPU.ActiveCfg = Debug|Any CPU
		{C5BA520B-00BF-4E6F-954F-BC08D35BCC80}.Debug|Any CPU.Build.0 = Debug|Any CPU
		{C5BA520B-00BF-4E6F-954F-BC08D35BCC80}.Release|Any CPU.ActiveCfg = Release|Any CPU
		{C5BA520B-00BF-4E6F-954F-BC08D35BCC80}.Release|Any CPU.Build.0 = Release|Any CPU
	EndGlobalSection
	GlobalSection(SolutionProperties) = preSolution
		HideSolutionNode = FALSE
	EndGlobalSection
	GlobalSection(ExtensibilityGlobals) = postSolution
		SolutionGuid = {9066F877-A33A-419E-AC5F-66A0F383347C}
	EndGlobalSection
EndGlobal
