
Microsoft Visual Studio Solution File, Format Version 12.00
# Visual Studio Version 17
VisualStudioVersion = 17.11.35327.3
MinimumVisualStudioVersion = 10.0.40219.1
Project("{FAE04EC0-301F-11D3-BF4B-00C04F79EFBC}") = "20.03.25 Odev2", "20.03.25 Odev2\20.03.25 Odev2.csproj", "{5B0A87F2-EC64-4931-B24F-FF115AE332E1}"
EndProject
Global
	GlobalSection(SolutionConfigurationPlatforms) = preSolution
		Debug|Any CPU = Debug|Any CPU
		Release|Any CPU = Release|Any CPU
	EndGlobalSection
	GlobalSection(ProjectConfigurationPlatforms) = postSolution
		{5B0A87F2-EC64-4931-B24F-FF115AE332E1}.Debug|Any CPU.ActiveCfg = Debug|Any CPU
		{5B0A87F2-EC64-4931-B24F-FF115AE332E1}.Debug|Any CPU.Build.0 = Debug|Any CPU
		{5B0A87F2-EC64-4931-B24F-FF115AE332E1}.Release|Any CPU.ActiveCfg = Release|Any CPU
		{5B0A87F2-EC64-4931-B24F-FF115AE332E1}.Release|Any CPU.Build.0 = Release|Any CPU
	EndGlobalSection
	GlobalSection(SolutionProperties) = preSolution
		HideSolutionNode = FALSE
	EndGlobalSection
	GlobalSection(ExtensibilityGlobals) = postSolution
		SolutionGuid = {B9DEF8BF-9329-41E3-8A1B-215C22D0A116}
	EndGlobalSection
EndGlobal
