
Microsoft Visual Studio Solution File, Format Version 12.00
# Visual Studio Version 17
VisualStudioVersion = 17.11.35327.3
MinimumVisualStudioVersion = 10.0.40219.1
Project("{FAE04EC0-301F-11D3-BF4B-00C04F79EFBC}") = "13.03 Ödev2", "13.03 Ödev2\13.03 Ödev2.csproj", "{BB2B6033-EE51-43D5-9188-75B9C00AD05E}"
EndProject
Global
	GlobalSection(SolutionConfigurationPlatforms) = preSolution
		Debug|Any CPU = Debug|Any CPU
		Release|Any CPU = Release|Any CPU
	EndGlobalSection
	GlobalSection(ProjectConfigurationPlatforms) = postSolution
		{BB2B6033-EE51-43D5-9188-75B9C00AD05E}.Debug|Any CPU.ActiveCfg = Debug|Any CPU
		{BB2B6033-EE51-43D5-9188-75B9C00AD05E}.Debug|Any CPU.Build.0 = Debug|Any CPU
		{BB2B6033-EE51-43D5-9188-75B9C00AD05E}.Release|Any CPU.ActiveCfg = Release|Any CPU
		{BB2B6033-EE51-43D5-9188-75B9C00AD05E}.Release|Any CPU.Build.0 = Release|Any CPU
	EndGlobalSection
	GlobalSection(SolutionProperties) = preSolution
		HideSolutionNode = FALSE
	EndGlobalSection
	GlobalSection(ExtensibilityGlobals) = postSolution
		SolutionGuid = {F1A07DC2-5D4E-40F8-9A4B-7DC419FF86C3}
	EndGlobalSection
EndGlobal
