
Microsoft Visual Studio Solution File, Format Version 12.00
# Visual Studio Version 17
VisualStudioVersion = 17.11.35327.3
MinimumVisualStudioVersion = 10.0.40219.1
Project("{FAE04EC0-301F-11D3-BF4B-00C04F79EFBC}") = "Ödev3", "Ödev3\Ödev3.csproj", "{205B1DA8-C344-4302-98A5-599668FE5388}"
EndProject
Global
	GlobalSection(SolutionConfigurationPlatforms) = preSolution
		Debug|Any CPU = Debug|Any CPU
		Release|Any CPU = Release|Any CPU
	EndGlobalSection
	GlobalSection(ProjectConfigurationPlatforms) = postSolution
		{205B1DA8-C344-4302-98A5-599668FE5388}.Debug|Any CPU.ActiveCfg = Debug|Any CPU
		{205B1DA8-C344-4302-98A5-599668FE5388}.Debug|Any CPU.Build.0 = Debug|Any CPU
		{205B1DA8-C344-4302-98A5-599668FE5388}.Release|Any CPU.ActiveCfg = Release|Any CPU
		{205B1DA8-C344-4302-98A5-599668FE5388}.Release|Any CPU.Build.0 = Release|Any CPU
	EndGlobalSection
	GlobalSection(SolutionProperties) = preSolution
		HideSolutionNode = FALSE
	EndGlobalSection
	GlobalSection(ExtensibilityGlobals) = postSolution
		SolutionGuid = {0A1ECA4D-8F0E-4F06-A61F-4E1B0506DCF9}
	EndGlobalSection
EndGlobal
