
Microsoft Visual Studio Solution File, Format Version 12.00
# Visual Studio Version 17
VisualStudioVersion = 17.11.35327.3
MinimumVisualStudioVersion = 10.0.40219.1
Project("{FAE04EC0-301F-11D3-BF4B-00C04F79EFBC}") = "23.03.25 Ödev5", "23.03.25 Ödev5\23.03.25 Ödev5.csproj", "{CF334646-8BEB-49BD-A36F-434795648702}"
EndProject
Global
	GlobalSection(SolutionConfigurationPlatforms) = preSolution
		Debug|Any CPU = Debug|Any CPU
		Release|Any CPU = Release|Any CPU
	EndGlobalSection
	GlobalSection(ProjectConfigurationPlatforms) = postSolution
		{CF334646-8BEB-49BD-A36F-434795648702}.Debug|Any CPU.ActiveCfg = Debug|Any CPU
		{CF334646-8BEB-49BD-A36F-434795648702}.Debug|Any CPU.Build.0 = Debug|Any CPU
		{CF334646-8BEB-49BD-A36F-434795648702}.Release|Any CPU.ActiveCfg = Release|Any CPU
		{CF334646-8BEB-49BD-A36F-434795648702}.Release|Any CPU.Build.0 = Release|Any CPU
	EndGlobalSection
	GlobalSection(SolutionProperties) = preSolution
		HideSolutionNode = FALSE
	EndGlobalSection
	GlobalSection(ExtensibilityGlobals) = postSolution
		SolutionGuid = {D300D95A-C328-4274-A52B-8F39C47CB08E}
	EndGlobalSection
EndGlobal
